
Microsoft Visual Studio Solution File, Format Version 12.00
# Visual Studio Version 17
VisualStudioVersion = 17.12.35527.113 d17.12
MinimumVisualStudioVersion = 10.0.40219.1
Project("{FAE04EC0-301F-11D3-BF4B-00C04F79EFBC}") = "WritersBlock.Server", "WritersBlock.Server\WritersBlock.Server.csproj", "{079248F9-2B39-4136-89FA-866D78C4FFD0}"
EndProject
Project("{54A90642-561A-4BB1-A94E-469ADEE60C69}") = "writersblock.client", "writersblock.client\writersblock.client.esproj", "{73189841-C3C3-41F8-9931-156F584F0895}"
EndProject
Global
	GlobalSection(SolutionConfigurationPlatforms) = preSolution
		Debug|Any CPU = Debug|Any CPU
		Release|Any CPU = Release|Any CPU
	EndGlobalSection
	GlobalSection(ProjectConfigurationPlatforms) = postSolution
		{079248F9-2B39-4136-89FA-866D78C4FFD0}.Debug|Any CPU.ActiveCfg = Debug|Any CPU
		{079248F9-2B39-4136-89FA-866D78C4FFD0}.Debug|Any CPU.Build.0 = Debug|Any CPU
		{079248F9-2B39-4136-89FA-866D78C4FFD0}.Release|Any CPU.ActiveCfg = Release|Any CPU
		{079248F9-2B39-4136-89FA-866D78C4FFD0}.Release|Any CPU.Build.0 = Release|Any CPU
		{73189841-C3C3-41F8-9931-156F584F0895}.Debug|Any CPU.ActiveCfg = Debug|Any CPU
		{73189841-C3C3-41F8-9931-156F584F0895}.Debug|Any CPU.Build.0 = Debug|Any CPU
		{73189841-C3C3-41F8-9931-156F584F0895}.Debug|Any CPU.Deploy.0 = Debug|Any CPU
		{73189841-C3C3-41F8-9931-156F584F0895}.Release|Any CPU.ActiveCfg = Release|Any CPU
		{73189841-C3C3-41F8-9931-156F584F0895}.Release|Any CPU.Build.0 = Release|Any CPU
		{73189841-C3C3-41F8-9931-156F584F0895}.Release|Any CPU.Deploy.0 = Release|Any CPU
	EndGlobalSection
	GlobalSection(SolutionProperties) = preSolution
		HideSolutionNode = FALSE
	EndGlobalSection
EndGlobal
